{
  "meteor": {},
  "dependencies": {
    "basePackages": {
      "notifications": {
        "path": "."
      }
    },
    "packages": {
      "notifications": {
        "path": "."
      },
      "munit": {
        "git": "https://github.com/spacejamio/meteor-munit.git",
        "tag": "v0.1.5",
        "commit": "f238b864e014b633fab06412a0657e81e50f12b5"
      },
      "chai": {
        "git": "https://github.com/spacejamio/meteor-chai.git",
        "tag": "v0.1.5",
        "commit": "9c8f1f769839c946f11f580b8c6f8601f9286a66"
      },
      "sinon": {
        "git": "https://github.com/spacejamio/meteor-sinon.git",
        "tag": "v0.1.5",
        "commit": "5078abefbfc67a6c4c19f628ceba4249b84b4e07"
      }
    }
  }
}
